
Microsoft Visual Studio Solution File, Format Version 12.00
# Visual Studio Version 17
VisualStudioVersion = 17.5.002.0
MinimumVisualStudioVersion = 10.0.40219.1
Project("{2150E333-8FDC-42A3-9474-1A3956D46DE8}") = "src", "src", "{123D0631-533C-447F-B7DA-D1D37E5E64BF}"
EndProject
Project("{FAE04EC0-301F-11D3-BF4B-00C04F79EFBC}") = "NLightning.Application.NLTG", "src\NLightning.Application.NLTG\NLightning.Application.NLTG.csproj", "{A103C727-E983-4510-81FB-301625DC1A7F}"
EndProject
Project("{FAE04EC0-301F-11D3-BF4B-00C04F79EFBC}") = "NLightning.Common", "src\NLightning.Common\NLightning.Common.csproj", "{97623AAC-B371-4515-819E-81607E1150BB}"
EndProject
Project("{2150E333-8FDC-42A3-9474-1A3956D46DE8}") = "test", "test", "{AF4411D4-8EE9-423E-8213-1C9D35E47882}"
EndProject
Project("{FAE04EC0-301F-11D3-BF4B-00C04F79EFBC}") = "NLightning.Models", "src\NLightning.Models\NLightning.Models.csproj", "{2EBE72E4-F20D-4668-B2A5-F7DCDECA0832}"
EndProject
Project("{FAE04EC0-301F-11D3-BF4B-00C04F79EFBC}") = "NLightning.Models.Postgres", "src\NLightning.Models.Postgres\NLightning.Models.Postgres.csproj", "{DC168173-FDDA-4C70-9A7F-F14D909B01EE}"
EndProject
Project("{FAE04EC0-301F-11D3-BF4B-00C04F79EFBC}") = "NLightning.Models.Sqlite", "src\NLightning.Models.Sqlite\NLightning.Models.Sqlite.csproj", "{04D4EEFE-A127-445B-8D41-252E85CE969C}"
EndProject
Project("{FAE04EC0-301F-11D3-BF4B-00C04F79EFBC}") = "NLightning.Models.SqlServer", "src\NLightning.Models.SqlServer\NLightning.Models.SqlServer.csproj", "{7F9B8714-BFAC-4F98-9BAB-EA2FC1B29688}"
EndProject
Project("{FAE04EC0-301F-11D3-BF4B-00C04F79EFBC}") = "NLightning.Common.Tests", "test\NLightning.Common.Tests\NLightning.Common.Tests.csproj", "{B6169CE9-FEB2-46EC-994D-4082186EB705}"
EndProject
Project("{FAE04EC0-301F-11D3-BF4B-00C04F79EFBC}") = "NLightning.Bolt11", "src\NLightning.Bolt11\NLightning.Bolt11.csproj", "{B29DC607-C3E0-4519-B47A-AB8A000F2BED}"
EndProject
Project("{FAE04EC0-301F-11D3-BF4B-00C04F79EFBC}") = "NLightning.BlazorTestApp", "test\BlazorTests\NLightning.BlazorTestApp\NLightning.BlazorTestApp.csproj", "{99E240CC-6381-40DF-B784-528D2EDBBDFC}"
EndProject
Project("{2150E333-8FDC-42A3-9474-1A3956D46DE8}") = "BlazorTests", "BlazorTests", "{6F76E9AF-7E6D-42D8-918A-4C5B26BE07C1}"
EndProject
Project("{FAE04EC0-301F-11D3-BF4B-00C04F79EFBC}") = "NLightning.Blazor.Tests", "test\BlazorTests\NLightning.Blazor.Tests\NLightning.Blazor.Tests.csproj", "{C0F21413-47D0-4584-84A5-B730909E7349}"
EndProject
Project("{FAE04EC0-301F-11D3-BF4B-00C04F79EFBC}") = "NLightning.Domain", "src\NLightning.Domain\NLightning.Domain.csproj", "{AE8F24B5-7F5F-4663-8D9D-4621EE0B4E69}"
EndProject
Project("{FAE04EC0-301F-11D3-BF4B-00C04F79EFBC}") = "NLightning.Domain.Tests", "test\NLightning.Domain.Tests\NLightning.Domain.Tests.csproj", "{04F6875E-0FCF-4973-BAFF-DF2ABD7A240E}"
EndProject
Project("{FAE04EC0-301F-11D3-BF4B-00C04F79EFBC}") = "NLightning.Infrastructure.Bitcoin", "src\NLightning.Infrastructure.Bitcoin\NLightning.Infrastructure.Bitcoin.csproj", "{D191749F-6B84-4513-8E93-14691412E71D}"
EndProject
Project("{FAE04EC0-301F-11D3-BF4B-00C04F79EFBC}") = "NLightning.Application", "src\NLightning.Application\NLightning.Application.csproj", "{15CE280A-3636-4064-B363-030CF879B14B}"
EndProject
Project("{FAE04EC0-301F-11D3-BF4B-00C04F79EFBC}") = "NLightning.Infrastructure", "src\NLightning.Infrastructure\NLightning.Infrastructure.csproj", "{833F2133-9D6B-4F0B-BD9E-B18B6535F2B0}"
EndProject
Project("{FAE04EC0-301F-11D3-BF4B-00C04F79EFBC}") = "NLightning.Infrastructure.Serialization", "src\NLightning.Infrastructure.Serialization\NLightning.Infrastructure.Serialization.csproj", "{562BB245-FE0F-480E-91C5-13597620AEB1}"
EndProject
Project("{FAE04EC0-301F-11D3-BF4B-00C04F79EFBC}") = "NLightning.Infrastructure.Tests", "test\NLightning.Infrastructure.Tests\NLightning.Infrastructure.Tests.csproj", "{0468A9F8-0451-4B4E-BD3B-42E38D5FA82A}"
EndProject
Project("{FAE04EC0-301F-11D3-BF4B-00C04F79EFBC}") = "NLightning.Integration.Tests", "test\NLightning.Integration.Tests\NLightning.Integration.Tests.csproj", "{09764AA8-AA43-47F6-A279-F66AC1F16CD1}"
EndProject
Project("{FAE04EC0-301F-11D3-BF4B-00C04F79EFBC}") = "NLightning.Infrastructure.Bitcoin.Tests", "test\NLightning.Infrastructure.Bitcoin.Tests\NLightning.Infrastructure.Bitcoin.Tests.csproj", "{62FD0563-66F7-4F18-A0A9-7FE0B02F1A47}"
EndProject
Project("{FAE04EC0-301F-11D3-BF4B-00C04F79EFBC}") = "NLightning.Tests.Utils", "test\NLightning.Tests.Utils\NLightning.Tests.Utils.csproj", "{F18B0771-FE03-4BD8-BC80-9987B242A8C7}"
EndProject
Project("{FAE04EC0-301F-11D3-BF4B-00C04F79EFBC}") = "NLightning.Bolt11.Tests", "test\NLightning.Bolt11.Tests\NLightning.Bolt11.Tests.csproj", "{E003AF34-AE6D-4E26-B8BE-0E1F4510FB8E}"
EndProject
Project("{FAE04EC0-301F-11D3-BF4B-00C04F79EFBC}") = "NLightning.Infrastructure.Serialization.Tests", "test\NLightning.Infrastructure.Serialization.Tests\NLightning.Infrastructure.Serialization.Tests.csproj", "{4550DC12-8EE8-4C35-B438-873EE128DA1A}"
EndProject
Project("{FAE04EC0-301F-11D3-BF4B-00C04F79EFBC}") = "NLightning.Application.NLTG.Tests", "test\NLightning.Application.NLTG.Tests\NLightning.Application.NLTG.Tests.csproj", "{BC559AD8-72B9-4ABF-A7FF-6305E141AB62}"
EndProject
Project("{2150E333-8FDC-42A3-9474-1A3956D46DE8}") = "scripts", "scripts", "{765CBA3D-87EE-4108-A8D0-8F2270C7CFB6}"
	ProjectSection(SolutionItems) = preProject
		scripts\testwithcoverage.sh = scripts\testwithcoverage.sh
	EndProjectSection
EndProject
Project("{2150E333-8FDC-42A3-9474-1A3956D46DE8}") = ".github", ".github", "{2746A75F-A7F5-438E-B68F-6AB643F7FE54}"
	ProjectSection(SolutionItems) = preProject
		.github\FUNDING.yml = .github\FUNDING.yml
	EndProjectSection
EndProject
Project("{2150E333-8FDC-42A3-9474-1A3956D46DE8}") = "workflows", "workflows", "{CE0D32A4-4E0A-42BD-805B-2B09972BD798}"
	ProjectSection(SolutionItems) = preProject
		.github\workflows\pr.yml = .github\workflows\pr.yml
		.github\workflows\dotnet.yml = .github\workflows\dotnet.yml
		.github\workflows\pr.wasm.yml = .github\workflows\pr.wasm.yml
		.github\workflows\gh-pages.yml = .github\workflows\gh-pages.yml
		.github\workflows\dotnet.wasm.yml = .github\workflows\dotnet.wasm.yml
	EndProjectSection
EndProject
EndProject
Global
	GlobalSection(SolutionConfigurationPlatforms) = preSolution
		Release|Any CPU = Release|Any CPU
		Release.Native|Any CPU = Release.Native|Any CPU
		Release.Wasm|Any CPU = Release.Wasm|Any CPU
		Debug|Any CPU = Debug|Any CPU
		Debug.Native|Any CPU = Debug.Native|Any CPU
		Debug.Wasm|Any CPU = Debug.Wasm|Any CPU
	EndGlobalSection
	GlobalSection(ProjectConfigurationPlatforms) = postSolution
		{B29DC607-C3E0-4519-B47A-AB8A000F2BED}.Release|Any CPU.ActiveCfg = Release|Any CPU
		{B29DC607-C3E0-4519-B47A-AB8A000F2BED}.Release|Any CPU.Build.0 = Release|Any CPU
		{B29DC607-C3E0-4519-B47A-AB8A000F2BED}.Debug|Any CPU.ActiveCfg = Debug|Any CPU
		{B29DC607-C3E0-4519-B47A-AB8A000F2BED}.Debug|Any CPU.Build.0 = Debug|Any CPU
		{B29DC607-C3E0-4519-B47A-AB8A000F2BED}.Debug.Native|Any CPU.ActiveCfg = Debug.Native|Any CPU
		{B29DC607-C3E0-4519-B47A-AB8A000F2BED}.Debug.Native|Any CPU.Build.0 = Debug.Native|Any CPU
		{B29DC607-C3E0-4519-B47A-AB8A000F2BED}.Debug.Wasm|Any CPU.ActiveCfg = Debug.Wasm|Any CPU
		{B29DC607-C3E0-4519-B47A-AB8A000F2BED}.Debug.Wasm|Any CPU.Build.0 = Debug.Wasm|Any CPU
		{B29DC607-C3E0-4519-B47A-AB8A000F2BED}.Release.Wasm|Any CPU.ActiveCfg = Release.Wasm|Any CPU
		{B29DC607-C3E0-4519-B47A-AB8A000F2BED}.Release.Wasm|Any CPU.Build.0 = Release.Wasm|Any CPU
		{B29DC607-C3E0-4519-B47A-AB8A000F2BED}.Release.Native|Any CPU.ActiveCfg = Release.Native|Any CPU
		{B29DC607-C3E0-4519-B47A-AB8A000F2BED}.Release.Native|Any CPU.Build.0 = Release.Native|Any CPU
		{97623AAC-B371-4515-819E-81607E1150BB}.Debug|Any CPU.ActiveCfg = Debug|Any CPU
		{97623AAC-B371-4515-819E-81607E1150BB}.Debug|Any CPU.Build.0 = Debug|Any CPU
		{97623AAC-B371-4515-819E-81607E1150BB}.Release|Any CPU.ActiveCfg = Release|Any CPU
		{97623AAC-B371-4515-819E-81607E1150BB}.Release|Any CPU.Build.0 = Release|Any CPU
		{97623AAC-B371-4515-819E-81607E1150BB}.Debug.Native|Any CPU.ActiveCfg = Debug.Native|Any CPU
		{97623AAC-B371-4515-819E-81607E1150BB}.Debug.Native|Any CPU.Build.0 = Debug.Native|Any CPU
		{97623AAC-B371-4515-819E-81607E1150BB}.Debug.Wasm|Any CPU.ActiveCfg = Debug.Wasm|Any CPU
		{97623AAC-B371-4515-819E-81607E1150BB}.Debug.Wasm|Any CPU.Build.0 = Debug.Wasm|Any CPU
		{97623AAC-B371-4515-819E-81607E1150BB}.Release.Wasm|Any CPU.ActiveCfg = Release.Wasm|Any CPU
		{97623AAC-B371-4515-819E-81607E1150BB}.Release.Wasm|Any CPU.Build.0 = Release.Wasm|Any CPU
		{97623AAC-B371-4515-819E-81607E1150BB}.Release.Native|Any CPU.ActiveCfg = Release.Native|Any CPU
		{97623AAC-B371-4515-819E-81607E1150BB}.Release.Native|Any CPU.Build.0 = Release.Native|Any CPU
		{B6169CE9-FEB2-46EC-994D-4082186EB705}.Debug|Any CPU.ActiveCfg = Debug|Any CPU
		{B6169CE9-FEB2-46EC-994D-4082186EB705}.Debug|Any CPU.Build.0 = Debug|Any CPU
		{B6169CE9-FEB2-46EC-994D-4082186EB705}.Release|Any CPU.ActiveCfg = Release|Any CPU
		{B6169CE9-FEB2-46EC-994D-4082186EB705}.Release|Any CPU.Build.0 = Release|Any CPU
		{B6169CE9-FEB2-46EC-994D-4082186EB705}.Debug.Native|Any CPU.ActiveCfg = Debug.Native|Any CPU
		{B6169CE9-FEB2-46EC-994D-4082186EB705}.Debug.Native|Any CPU.Build.0 = Debug.Native|Any CPU
		{B6169CE9-FEB2-46EC-994D-4082186EB705}.Release.Native|Any CPU.ActiveCfg = Release.Native|Any CPU
		{B6169CE9-FEB2-46EC-994D-4082186EB705}.Release.Native|Any CPU.Build.0 = Release.Native|Any CPU
		{2EBE72E4-F20D-4668-B2A5-F7DCDECA0832}.Debug|Any CPU.ActiveCfg = Debug|Any CPU
		{2EBE72E4-F20D-4668-B2A5-F7DCDECA0832}.Debug|Any CPU.Build.0 = Debug|Any CPU
		{2EBE72E4-F20D-4668-B2A5-F7DCDECA0832}.Release|Any CPU.ActiveCfg = Release|Any CPU
		{2EBE72E4-F20D-4668-B2A5-F7DCDECA0832}.Release|Any CPU.Build.0 = Release|Any CPU
		{2EBE72E4-F20D-4668-B2A5-F7DCDECA0832}.Debug.Native|Any CPU.ActiveCfg = Debug.Native|Any CPU
		{2EBE72E4-F20D-4668-B2A5-F7DCDECA0832}.Debug.Native|Any CPU.Build.0 = Debug.Native|Any CPU
		{2EBE72E4-F20D-4668-B2A5-F7DCDECA0832}.Debug.Wasm|Any CPU.ActiveCfg = Debug.Wasm|Any CPU
		{2EBE72E4-F20D-4668-B2A5-F7DCDECA0832}.Debug.Wasm|Any CPU.Build.0 = Debug.Wasm|Any CPU
		{2EBE72E4-F20D-4668-B2A5-F7DCDECA0832}.Release.Wasm|Any CPU.ActiveCfg = Release.Wasm|Any CPU
		{2EBE72E4-F20D-4668-B2A5-F7DCDECA0832}.Release.Wasm|Any CPU.Build.0 = Release.Wasm|Any CPU
		{2EBE72E4-F20D-4668-B2A5-F7DCDECA0832}.Release.Native|Any CPU.ActiveCfg = Release.Native|Any CPU
		{2EBE72E4-F20D-4668-B2A5-F7DCDECA0832}.Release.Native|Any CPU.Build.0 = Release.Native|Any CPU
		{DC168173-FDDA-4C70-9A7F-F14D909B01EE}.Debug|Any CPU.ActiveCfg = Debug|Any CPU
		{DC168173-FDDA-4C70-9A7F-F14D909B01EE}.Debug|Any CPU.Build.0 = Debug|Any CPU
		{DC168173-FDDA-4C70-9A7F-F14D909B01EE}.Release|Any CPU.ActiveCfg = Release|Any CPU
		{DC168173-FDDA-4C70-9A7F-F14D909B01EE}.Release|Any CPU.Build.0 = Release|Any CPU
		{DC168173-FDDA-4C70-9A7F-F14D909B01EE}.Debug.Native|Any CPU.ActiveCfg = Debug.Native|Any CPU
		{DC168173-FDDA-4C70-9A7F-F14D909B01EE}.Debug.Native|Any CPU.Build.0 = Debug.Native|Any CPU
		{DC168173-FDDA-4C70-9A7F-F14D909B01EE}.Debug.Wasm|Any CPU.ActiveCfg = Debug.Wasm|Any CPU
		{DC168173-FDDA-4C70-9A7F-F14D909B01EE}.Debug.Wasm|Any CPU.Build.0 = Debug.Wasm|Any CPU
		{DC168173-FDDA-4C70-9A7F-F14D909B01EE}.Release.Wasm|Any CPU.ActiveCfg = Release.Wasm|Any CPU
		{DC168173-FDDA-4C70-9A7F-F14D909B01EE}.Release.Wasm|Any CPU.Build.0 = Release.Wasm|Any CPU
		{DC168173-FDDA-4C70-9A7F-F14D909B01EE}.Release.Native|Any CPU.ActiveCfg = Release.Native|Any CPU
		{DC168173-FDDA-4C70-9A7F-F14D909B01EE}.Release.Native|Any CPU.Build.0 = Release.Native|Any CPU
		{04D4EEFE-A127-445B-8D41-252E85CE969C}.Debug|Any CPU.ActiveCfg = Debug|Any CPU
		{04D4EEFE-A127-445B-8D41-252E85CE969C}.Debug|Any CPU.Build.0 = Debug|Any CPU
		{04D4EEFE-A127-445B-8D41-252E85CE969C}.Release|Any CPU.ActiveCfg = Release|Any CPU
		{04D4EEFE-A127-445B-8D41-252E85CE969C}.Release|Any CPU.Build.0 = Release|Any CPU
		{04D4EEFE-A127-445B-8D41-252E85CE969C}.Debug.Native|Any CPU.ActiveCfg = Debug.Native|Any CPU
		{04D4EEFE-A127-445B-8D41-252E85CE969C}.Debug.Native|Any CPU.Build.0 = Debug.Native|Any CPU
		{04D4EEFE-A127-445B-8D41-252E85CE969C}.Debug.Wasm|Any CPU.ActiveCfg = Debug.Wasm|Any CPU
		{04D4EEFE-A127-445B-8D41-252E85CE969C}.Debug.Wasm|Any CPU.Build.0 = Debug.Wasm|Any CPU
		{04D4EEFE-A127-445B-8D41-252E85CE969C}.Release.Wasm|Any CPU.ActiveCfg = Release.Wasm|Any CPU
		{04D4EEFE-A127-445B-8D41-252E85CE969C}.Release.Wasm|Any CPU.Build.0 = Release.Wasm|Any CPU
		{04D4EEFE-A127-445B-8D41-252E85CE969C}.Release.Native|Any CPU.ActiveCfg = Release.Native|Any CPU
		{04D4EEFE-A127-445B-8D41-252E85CE969C}.Release.Native|Any CPU.Build.0 = Release.Native|Any CPU
		{7F9B8714-BFAC-4F98-9BAB-EA2FC1B29688}.Debug|Any CPU.ActiveCfg = Debug|Any CPU
		{7F9B8714-BFAC-4F98-9BAB-EA2FC1B29688}.Debug|Any CPU.Build.0 = Debug|Any CPU
		{7F9B8714-BFAC-4F98-9BAB-EA2FC1B29688}.Release|Any CPU.ActiveCfg = Release|Any CPU
		{7F9B8714-BFAC-4F98-9BAB-EA2FC1B29688}.Release|Any CPU.Build.0 = Release|Any CPU
		{7F9B8714-BFAC-4F98-9BAB-EA2FC1B29688}.Debug.Native|Any CPU.ActiveCfg = Debug.Native|Any CPU
		{7F9B8714-BFAC-4F98-9BAB-EA2FC1B29688}.Debug.Native|Any CPU.Build.0 = Debug.Native|Any CPU
		{7F9B8714-BFAC-4F98-9BAB-EA2FC1B29688}.Debug.Wasm|Any CPU.ActiveCfg = Debug.Wasm|Any CPU
		{7F9B8714-BFAC-4F98-9BAB-EA2FC1B29688}.Debug.Wasm|Any CPU.Build.0 = Debug.Wasm|Any CPU
		{7F9B8714-BFAC-4F98-9BAB-EA2FC1B29688}.Release.Wasm|Any CPU.ActiveCfg = Release.Wasm|Any CPU
		{7F9B8714-BFAC-4F98-9BAB-EA2FC1B29688}.Release.Wasm|Any CPU.Build.0 = Release.Wasm|Any CPU
		{7F9B8714-BFAC-4F98-9BAB-EA2FC1B29688}.Release.Native|Any CPU.ActiveCfg = Release.Native|Any CPU
		{7F9B8714-BFAC-4F98-9BAB-EA2FC1B29688}.Release.Native|Any CPU.Build.0 = Release.Native|Any CPU
		{A103C727-E983-4510-81FB-301625DC1A7F}.Debug|Any CPU.ActiveCfg = Debug|Any CPU
		{A103C727-E983-4510-81FB-301625DC1A7F}.Debug|Any CPU.Build.0 = Debug|Any CPU
		{A103C727-E983-4510-81FB-301625DC1A7F}.Release|Any CPU.ActiveCfg = Release|Any CPU
		{A103C727-E983-4510-81FB-301625DC1A7F}.Release|Any CPU.Build.0 = Release|Any CPU
		{A103C727-E983-4510-81FB-301625DC1A7F}.Debug.Native|Any CPU.ActiveCfg = Debug.Native|Any CPU
		{A103C727-E983-4510-81FB-301625DC1A7F}.Debug.Native|Any CPU.Build.0 = Debug.Native|Any CPU
		{A103C727-E983-4510-81FB-301625DC1A7F}.Debug.Wasm|Any CPU.ActiveCfg = Debug.Wasm|Any CPU
		{A103C727-E983-4510-81FB-301625DC1A7F}.Debug.Wasm|Any CPU.Build.0 = Debug.Wasm|Any CPU
		{A103C727-E983-4510-81FB-301625DC1A7F}.Release.Wasm|Any CPU.ActiveCfg = Release.Wasm|Any CPU
		{A103C727-E983-4510-81FB-301625DC1A7F}.Release.Wasm|Any CPU.Build.0 = Release.Wasm|Any CPU
		{A103C727-E983-4510-81FB-301625DC1A7F}.Release.Native|Any CPU.ActiveCfg = Release.Native|Any CPU
		{A103C727-E983-4510-81FB-301625DC1A7F}.Release.Native|Any CPU.Build.0 = Release.Native|Any CPU
		{99E240CC-6381-40DF-B784-528D2EDBBDFC}.Debug.Wasm|Any CPU.ActiveCfg = Debug.Wasm|Any CPU
		{99E240CC-6381-40DF-B784-528D2EDBBDFC}.Debug.Wasm|Any CPU.Build.0 = Debug.Wasm|Any CPU
		{99E240CC-6381-40DF-B784-528D2EDBBDFC}.Release.Wasm|Any CPU.ActiveCfg = Release.Wasm|Any CPU
		{99E240CC-6381-40DF-B784-528D2EDBBDFC}.Release.Wasm|Any CPU.Build.0 = Release.Wasm|Any CPU
		{C0F21413-47D0-4584-84A5-B730909E7349}.Debug.Wasm|Any CPU.ActiveCfg = Debug.Wasm|Any CPU
		{C0F21413-47D0-4584-84A5-B730909E7349}.Debug.Wasm|Any CPU.Build.0 = Debug.Wasm|Any CPU
		{C0F21413-47D0-4584-84A5-B730909E7349}.Release.Wasm|Any CPU.ActiveCfg = Release.Wasm|Any CPU
		{C0F21413-47D0-4584-84A5-B730909E7349}.Release.Wasm|Any CPU.Build.0 = Release.Wasm|Any CPU
		{AE8F24B5-7F5F-4663-8D9D-4621EE0B4E69}.Release|Any CPU.ActiveCfg = Release|Any CPU
		{AE8F24B5-7F5F-4663-8D9D-4621EE0B4E69}.Release|Any CPU.Build.0 = Release|Any CPU
		{AE8F24B5-7F5F-4663-8D9D-4621EE0B4E69}.Debug|Any CPU.ActiveCfg = Debug|Any CPU
		{AE8F24B5-7F5F-4663-8D9D-4621EE0B4E69}.Debug|Any CPU.Build.0 = Debug|Any CPU
		{AE8F24B5-7F5F-4663-8D9D-4621EE0B4E69}.Debug.Native|Any CPU.ActiveCfg = Debug.Native|Any CPU
		{AE8F24B5-7F5F-4663-8D9D-4621EE0B4E69}.Debug.Native|Any CPU.Build.0 = Debug.Native|Any CPU
		{AE8F24B5-7F5F-4663-8D9D-4621EE0B4E69}.Debug.Wasm|Any CPU.ActiveCfg = Debug.Wasm|Any CPU
		{AE8F24B5-7F5F-4663-8D9D-4621EE0B4E69}.Debug.Wasm|Any CPU.Build.0 = Debug.Wasm|Any CPU
		{AE8F24B5-7F5F-4663-8D9D-4621EE0B4E69}.Release.Native|Any CPU.ActiveCfg = Release.Native|Any CPU
		{AE8F24B5-7F5F-4663-8D9D-4621EE0B4E69}.Release.Native|Any CPU.Build.0 = Release.Native|Any CPU
		{AE8F24B5-7F5F-4663-8D9D-4621EE0B4E69}.Release.Wasm|Any CPU.ActiveCfg = Release.Wasm|Any CPU
		{AE8F24B5-7F5F-4663-8D9D-4621EE0B4E69}.Release.Wasm|Any CPU.Build.0 = Release.Wasm|Any CPU
		{04F6875E-0FCF-4973-BAFF-DF2ABD7A240E}.Release|Any CPU.ActiveCfg = Release|Any CPU
		{04F6875E-0FCF-4973-BAFF-DF2ABD7A240E}.Release|Any CPU.Build.0 = Release|Any CPU
		{04F6875E-0FCF-4973-BAFF-DF2ABD7A240E}.Debug|Any CPU.ActiveCfg = Debug|Any CPU
		{04F6875E-0FCF-4973-BAFF-DF2ABD7A240E}.Debug|Any CPU.Build.0 = Debug|Any CPU
		{04F6875E-0FCF-4973-BAFF-DF2ABD7A240E}.Debug.Native|Any CPU.ActiveCfg = Debug.Native|Any CPU
		{04F6875E-0FCF-4973-BAFF-DF2ABD7A240E}.Debug.Native|Any CPU.Build.0 = Debug.Native|Any CPU
		{04F6875E-0FCF-4973-BAFF-DF2ABD7A240E}.Release.Native|Any CPU.ActiveCfg = Release.Native|Any CPU
		{04F6875E-0FCF-4973-BAFF-DF2ABD7A240E}.Release.Native|Any CPU.Build.0 = Release.Native|Any CPU
		{D191749F-6B84-4513-8E93-14691412E71D}.Release|Any CPU.ActiveCfg = Release|Any CPU
		{D191749F-6B84-4513-8E93-14691412E71D}.Release|Any CPU.Build.0 = Release|Any CPU
		{D191749F-6B84-4513-8E93-14691412E71D}.Debug|Any CPU.ActiveCfg = Debug|Any CPU
		{D191749F-6B84-4513-8E93-14691412E71D}.Debug|Any CPU.Build.0 = Debug|Any CPU
		{D191749F-6B84-4513-8E93-14691412E71D}.Debug.Native|Any CPU.ActiveCfg = Debug.Native|Any CPU
		{D191749F-6B84-4513-8E93-14691412E71D}.Debug.Native|Any CPU.Build.0 = Debug.Native|Any CPU
		{D191749F-6B84-4513-8E93-14691412E71D}.Release.Native|Any CPU.ActiveCfg = Release.Native|Any CPU
		{D191749F-6B84-4513-8E93-14691412E71D}.Release.Native|Any CPU.Build.0 = Release.Native|Any CPU
		{D191749F-6B84-4513-8E93-14691412E71D}.Release.Wasm|Any CPU.ActiveCfg = Release.Wasm|Any CPU
		{D191749F-6B84-4513-8E93-14691412E71D}.Release.Wasm|Any CPU.Build.0 = Release.Wasm|Any CPU
		{D191749F-6B84-4513-8E93-14691412E71D}.Debug.Wasm|Any CPU.ActiveCfg = Debug.Wasm|Any CPU
		{D191749F-6B84-4513-8E93-14691412E71D}.Debug.Wasm|Any CPU.Build.0 = Debug.Wasm|Any CPU
		{15CE280A-3636-4064-B363-030CF879B14B}.Release|Any CPU.ActiveCfg = Release|Any CPU
		{15CE280A-3636-4064-B363-030CF879B14B}.Release|Any CPU.Build.0 = Release|Any CPU
		{15CE280A-3636-4064-B363-030CF879B14B}.Debug|Any CPU.ActiveCfg = Debug|Any CPU
		{15CE280A-3636-4064-B363-030CF879B14B}.Debug|Any CPU.Build.0 = Debug|Any CPU
		{15CE280A-3636-4064-B363-030CF879B14B}.Debug.Native|Any CPU.ActiveCfg = Debug.Native|Any CPU
		{15CE280A-3636-4064-B363-030CF879B14B}.Debug.Native|Any CPU.Build.0 = Debug.Native|Any CPU
		{15CE280A-3636-4064-B363-030CF879B14B}.Debug.Wasm|Any CPU.ActiveCfg = Debug.Wasm|Any CPU
		{15CE280A-3636-4064-B363-030CF879B14B}.Debug.Wasm|Any CPU.Build.0 = Debug.Wasm|Any CPU
		{15CE280A-3636-4064-B363-030CF879B14B}.Release.Native|Any CPU.ActiveCfg = Release.Native|Any CPU
		{15CE280A-3636-4064-B363-030CF879B14B}.Release.Native|Any CPU.Build.0 = Release.Native|Any CPU
		{15CE280A-3636-4064-B363-030CF879B14B}.Release.Wasm|Any CPU.ActiveCfg = Release.Wasm|Any CPU
		{15CE280A-3636-4064-B363-030CF879B14B}.Release.Wasm|Any CPU.Build.0 = Release.Wasm|Any CPU
		{833F2133-9D6B-4F0B-BD9E-B18B6535F2B0}.Release|Any CPU.ActiveCfg = Release|Any CPU
		{833F2133-9D6B-4F0B-BD9E-B18B6535F2B0}.Release|Any CPU.Build.0 = Release|Any CPU
		{833F2133-9D6B-4F0B-BD9E-B18B6535F2B0}.Debug|Any CPU.ActiveCfg = Debug|Any CPU
		{833F2133-9D6B-4F0B-BD9E-B18B6535F2B0}.Debug|Any CPU.Build.0 = Debug|Any CPU
		{833F2133-9D6B-4F0B-BD9E-B18B6535F2B0}.Debug.Native|Any CPU.ActiveCfg = Debug.Native|Any CPU
		{833F2133-9D6B-4F0B-BD9E-B18B6535F2B0}.Debug.Native|Any CPU.Build.0 = Debug.Native|Any CPU
		{833F2133-9D6B-4F0B-BD9E-B18B6535F2B0}.Release.Native|Any CPU.ActiveCfg = Release.Native|Any CPU
		{833F2133-9D6B-4F0B-BD9E-B18B6535F2B0}.Release.Native|Any CPU.Build.0 = Release.Native|Any CPU
		{833F2133-9D6B-4F0B-BD9E-B18B6535F2B0}.Release.Wasm|Any CPU.ActiveCfg = Release.Wasm|Any CPU
		{833F2133-9D6B-4F0B-BD9E-B18B6535F2B0}.Release.Wasm|Any CPU.Build.0 = Release.Wasm|Any CPU
		{833F2133-9D6B-4F0B-BD9E-B18B6535F2B0}.Debug.Wasm|Any CPU.ActiveCfg = Debug.Wasm|Any CPU
		{833F2133-9D6B-4F0B-BD9E-B18B6535F2B0}.Debug.Wasm|Any CPU.Build.0 = Debug.Wasm|Any CPU
		{562BB245-FE0F-480E-91C5-13597620AEB1}.Release|Any CPU.ActiveCfg = Release|Any CPU
		{562BB245-FE0F-480E-91C5-13597620AEB1}.Release|Any CPU.Build.0 = Release|Any CPU
		{562BB245-FE0F-480E-91C5-13597620AEB1}.Debug|Any CPU.ActiveCfg = Debug|Any CPU
		{562BB245-FE0F-480E-91C5-13597620AEB1}.Debug|Any CPU.Build.0 = Debug|Any CPU
		{562BB245-FE0F-480E-91C5-13597620AEB1}.Debug.Native|Any CPU.ActiveCfg = Debug.Native|Any CPU
		{562BB245-FE0F-480E-91C5-13597620AEB1}.Debug.Native|Any CPU.Build.0 = Debug.Native|Any CPU
		{562BB245-FE0F-480E-91C5-13597620AEB1}.Debug.Wasm|Any CPU.ActiveCfg = Debug.Wasm|Any CPU
		{562BB245-FE0F-480E-91C5-13597620AEB1}.Debug.Wasm|Any CPU.Build.0 = Debug.Wasm|Any CPU
		{562BB245-FE0F-480E-91C5-13597620AEB1}.Release.Native|Any CPU.ActiveCfg = Release.Wasm|Any CPU
		{562BB245-FE0F-480E-91C5-13597620AEB1}.Release.Native|Any CPU.Build.0 = Release.Wasm|Any CPU
		{562BB245-FE0F-480E-91C5-13597620AEB1}.Release.Wasm|Any CPU.ActiveCfg = Release.Wasm|Any CPU
		{562BB245-FE0F-480E-91C5-13597620AEB1}.Release.Wasm|Any CPU.Build.0 = Release.Wasm|Any CPU
		{0468A9F8-0451-4B4E-BD3B-42E38D5FA82A}.Release|Any CPU.ActiveCfg = Release|Any CPU
		{0468A9F8-0451-4B4E-BD3B-42E38D5FA82A}.Release|Any CPU.Build.0 = Release|Any CPU
		{0468A9F8-0451-4B4E-BD3B-42E38D5FA82A}.Debug|Any CPU.ActiveCfg = Debug|Any CPU
		{0468A9F8-0451-4B4E-BD3B-42E38D5FA82A}.Debug|Any CPU.Build.0 = Debug|Any CPU
		{0468A9F8-0451-4B4E-BD3B-42E38D5FA82A}.Debug.Native|Any CPU.ActiveCfg = Debug.Native|Any CPU
		{0468A9F8-0451-4B4E-BD3B-42E38D5FA82A}.Debug.Native|Any CPU.Build.0 = Debug.Native|Any CPU
		{0468A9F8-0451-4B4E-BD3B-42E38D5FA82A}.Release.Native|Any CPU.ActiveCfg = Release.Native|Any CPU
		{0468A9F8-0451-4B4E-BD3B-42E38D5FA82A}.Release.Native|Any CPU.Build.0 = Release.Native|Any CPU
		{09764AA8-AA43-47F6-A279-F66AC1F16CD1}.Release|Any CPU.ActiveCfg = Release|Any CPU
		{09764AA8-AA43-47F6-A279-F66AC1F16CD1}.Release|Any CPU.Build.0 = Release|Any CPU
		{09764AA8-AA43-47F6-A279-F66AC1F16CD1}.Debug|Any CPU.ActiveCfg = Debug|Any CPU
		{09764AA8-AA43-47F6-A279-F66AC1F16CD1}.Debug|Any CPU.Build.0 = Debug|Any CPU
		{09764AA8-AA43-47F6-A279-F66AC1F16CD1}.Debug.Native|Any CPU.ActiveCfg = Debug.Native|Any CPU
		{09764AA8-AA43-47F6-A279-F66AC1F16CD1}.Debug.Native|Any CPU.Build.0 = Debug.Native|Any CPU
		{09764AA8-AA43-47F6-A279-F66AC1F16CD1}.Release.Native|Any CPU.ActiveCfg = Release.Native|Any CPU
		{09764AA8-AA43-47F6-A279-F66AC1F16CD1}.Release.Native|Any CPU.Build.0 = Release.Native|Any CPU
		{62FD0563-66F7-4F18-A0A9-7FE0B02F1A47}.Release|Any CPU.ActiveCfg = Release|Any CPU
		{62FD0563-66F7-4F18-A0A9-7FE0B02F1A47}.Release|Any CPU.Build.0 = Release|Any CPU
		{62FD0563-66F7-4F18-A0A9-7FE0B02F1A47}.Debug|Any CPU.ActiveCfg = Debug|Any CPU
		{62FD0563-66F7-4F18-A0A9-7FE0B02F1A47}.Debug|Any CPU.Build.0 = Debug|Any CPU
		{62FD0563-66F7-4F18-A0A9-7FE0B02F1A47}.Debug.Native|Any CPU.ActiveCfg = Debug.Native|Any CPU
		{62FD0563-66F7-4F18-A0A9-7FE0B02F1A47}.Debug.Native|Any CPU.Build.0 = Debug.Native|Any CPU
		{62FD0563-66F7-4F18-A0A9-7FE0B02F1A47}.Release.Native|Any CPU.ActiveCfg = Release.Native|Any CPU
		{62FD0563-66F7-4F18-A0A9-7FE0B02F1A47}.Release.Native|Any CPU.Build.0 = Release.Native|Any CPU
		{F18B0771-FE03-4BD8-BC80-9987B242A8C7}.Release|Any CPU.ActiveCfg = Release|Any CPU
		{F18B0771-FE03-4BD8-BC80-9987B242A8C7}.Release|Any CPU.Build.0 = Release|Any CPU
		{F18B0771-FE03-4BD8-BC80-9987B242A8C7}.Debug|Any CPU.ActiveCfg = Debug|Any CPU
		{F18B0771-FE03-4BD8-BC80-9987B242A8C7}.Debug|Any CPU.Build.0 = Debug|Any CPU
		{F18B0771-FE03-4BD8-BC80-9987B242A8C7}.Debug.Native|Any CPU.ActiveCfg = Debug.Native|Any CPU
		{F18B0771-FE03-4BD8-BC80-9987B242A8C7}.Debug.Native|Any CPU.Build.0 = Debug.Native|Any CPU
		{F18B0771-FE03-4BD8-BC80-9987B242A8C7}.Release.Native|Any CPU.ActiveCfg = Release.Native|Any CPU
		{F18B0771-FE03-4BD8-BC80-9987B242A8C7}.Release.Native|Any CPU.Build.0 = Release.Native|Any CPU
		{E003AF34-AE6D-4E26-B8BE-0E1F4510FB8E}.Release|Any CPU.ActiveCfg = Release|Any CPU
		{E003AF34-AE6D-4E26-B8BE-0E1F4510FB8E}.Release|Any CPU.Build.0 = Release|Any CPU
		{E003AF34-AE6D-4E26-B8BE-0E1F4510FB8E}.Debug|Any CPU.ActiveCfg = Debug|Any CPU
		{E003AF34-AE6D-4E26-B8BE-0E1F4510FB8E}.Debug|Any CPU.Build.0 = Debug|Any CPU
		{E003AF34-AE6D-4E26-B8BE-0E1F4510FB8E}.Debug.Native|Any CPU.ActiveCfg = Debug.Native|Any CPU
		{E003AF34-AE6D-4E26-B8BE-0E1F4510FB8E}.Debug.Native|Any CPU.Build.0 = Debug.Native|Any CPU
		{E003AF34-AE6D-4E26-B8BE-0E1F4510FB8E}.Release.Native|Any CPU.ActiveCfg = Release.Native|Any CPU
		{E003AF34-AE6D-4E26-B8BE-0E1F4510FB8E}.Release.Native|Any CPU.Build.0 = Release.Native|Any CPU
		{4550DC12-8EE8-4C35-B438-873EE128DA1A}.Release|Any CPU.ActiveCfg = Release|Any CPU
		{4550DC12-8EE8-4C35-B438-873EE128DA1A}.Release|Any CPU.Build.0 = Release|Any CPU
		{4550DC12-8EE8-4C35-B438-873EE128DA1A}.Debug|Any CPU.ActiveCfg = Debug|Any CPU
		{4550DC12-8EE8-4C35-B438-873EE128DA1A}.Debug|Any CPU.Build.0 = Debug|Any CPU
		{4550DC12-8EE8-4C35-B438-873EE128DA1A}.Debug.Native|Any CPU.ActiveCfg = Debug.Native|Any CPU
		{4550DC12-8EE8-4C35-B438-873EE128DA1A}.Debug.Native|Any CPU.Build.0 = Debug.Native|Any CPU
		{4550DC12-8EE8-4C35-B438-873EE128DA1A}.Release.Native|Any CPU.ActiveCfg = Release.Native|Any CPU
		{4550DC12-8EE8-4C35-B438-873EE128DA1A}.Release.Native|Any CPU.Build.0 = Release.Native|Any CPU
		{BC559AD8-72B9-4ABF-A7FF-6305E141AB62}.Release|Any CPU.ActiveCfg = Release|Any CPU
		{BC559AD8-72B9-4ABF-A7FF-6305E141AB62}.Release|Any CPU.Build.0 = Release|Any CPU
		{BC559AD8-72B9-4ABF-A7FF-6305E141AB62}.Release.Native|Any CPU.ActiveCfg = Debug|Any CPU
		{BC559AD8-72B9-4ABF-A7FF-6305E141AB62}.Release.Native|Any CPU.Build.0 = Debug|Any CPU
		{BC559AD8-72B9-4ABF-A7FF-6305E141AB62}.Release.Wasm|Any CPU.ActiveCfg = Debug|Any CPU
		{BC559AD8-72B9-4ABF-A7FF-6305E141AB62}.Release.Wasm|Any CPU.Build.0 = Debug|Any CPU
		{BC559AD8-72B9-4ABF-A7FF-6305E141AB62}.Debug|Any CPU.ActiveCfg = Debug|Any CPU
		{BC559AD8-72B9-4ABF-A7FF-6305E141AB62}.Debug|Any CPU.Build.0 = Debug|Any CPU
		{BC559AD8-72B9-4ABF-A7FF-6305E141AB62}.Debug.Native|Any CPU.ActiveCfg = Debug|Any CPU
		{BC559AD8-72B9-4ABF-A7FF-6305E141AB62}.Debug.Native|Any CPU.Build.0 = Debug|Any CPU
		{BC559AD8-72B9-4ABF-A7FF-6305E141AB62}.Debug.Wasm|Any CPU.ActiveCfg = Debug|Any CPU
		{BC559AD8-72B9-4ABF-A7FF-6305E141AB62}.Debug.Wasm|Any CPU.Build.0 = Debug|Any CPU
	EndGlobalSection
	GlobalSection(SolutionProperties) = preSolution
		HideSolutionNode = FALSE
	EndGlobalSection
	GlobalSection(ExtensibilityGlobals) = postSolution
		SolutionGuid = {B11DB411-8F72-4829-AA0D-8E3908363026}
	EndGlobalSection
	GlobalSection(NestedProjects) = preSolution
		{A103C727-E983-4510-81FB-301625DC1A7F} = {123D0631-533C-447F-B7DA-D1D37E5E64BF}
		{97623AAC-B371-4515-819E-81607E1150BB} = {123D0631-533C-447F-B7DA-D1D37E5E64BF}
		{2EBE72E4-F20D-4668-B2A5-F7DCDECA0832} = {123D0631-533C-447F-B7DA-D1D37E5E64BF}
		{DC168173-FDDA-4C70-9A7F-F14D909B01EE} = {123D0631-533C-447F-B7DA-D1D37E5E64BF}
		{04D4EEFE-A127-445B-8D41-252E85CE969C} = {123D0631-533C-447F-B7DA-D1D37E5E64BF}
		{7F9B8714-BFAC-4F98-9BAB-EA2FC1B29688} = {123D0631-533C-447F-B7DA-D1D37E5E64BF}
		{B6169CE9-FEB2-46EC-994D-4082186EB705} = {AF4411D4-8EE9-423E-8213-1C9D35E47882}
		{B29DC607-C3E0-4519-B47A-AB8A000F2BED} = {123D0631-533C-447F-B7DA-D1D37E5E64BF}
		{6F76E9AF-7E6D-42D8-918A-4C5B26BE07C1} = {AF4411D4-8EE9-423E-8213-1C9D35E47882}
		{99E240CC-6381-40DF-B784-528D2EDBBDFC} = {6F76E9AF-7E6D-42D8-918A-4C5B26BE07C1}
		{C0F21413-47D0-4584-84A5-B730909E7349} = {6F76E9AF-7E6D-42D8-918A-4C5B26BE07C1}
		{AE8F24B5-7F5F-4663-8D9D-4621EE0B4E69} = {123D0631-533C-447F-B7DA-D1D37E5E64BF}
		{04F6875E-0FCF-4973-BAFF-DF2ABD7A240E} = {AF4411D4-8EE9-423E-8213-1C9D35E47882}
		{D191749F-6B84-4513-8E93-14691412E71D} = {123D0631-533C-447F-B7DA-D1D37E5E64BF}
		{833F2133-9D6B-4F0B-BD9E-B18B6535F2B0} = {123D0631-533C-447F-B7DA-D1D37E5E64BF}
		{15CE280A-3636-4064-B363-030CF879B14B} = {123D0631-533C-447F-B7DA-D1D37E5E64BF}
		{562BB245-FE0F-480E-91C5-13597620AEB1} = {123D0631-533C-447F-B7DA-D1D37E5E64BF}
		{0468A9F8-0451-4B4E-BD3B-42E38D5FA82A} = {AF4411D4-8EE9-423E-8213-1C9D35E47882}
		{09764AA8-AA43-47F6-A279-F66AC1F16CD1} = {AF4411D4-8EE9-423E-8213-1C9D35E47882}
		{62FD0563-66F7-4F18-A0A9-7FE0B02F1A47} = {AF4411D4-8EE9-423E-8213-1C9D35E47882}
		{F18B0771-FE03-4BD8-BC80-9987B242A8C7} = {AF4411D4-8EE9-423E-8213-1C9D35E47882}
		{E003AF34-AE6D-4E26-B8BE-0E1F4510FB8E} = {AF4411D4-8EE9-423E-8213-1C9D35E47882}
		{4550DC12-8EE8-4C35-B438-873EE128DA1A} = {AF4411D4-8EE9-423E-8213-1C9D35E47882}
		{BC559AD8-72B9-4ABF-A7FF-6305E141AB62} = {AF4411D4-8EE9-423E-8213-1C9D35E47882}
		{CE0D32A4-4E0A-42BD-805B-2B09972BD798} = {2746A75F-A7F5-438E-B68F-6AB643F7FE54}
	EndGlobalSection
EndGlobal
